
Microsoft Visual Studio Solution File, Format Version 12.00
# Visual Studio Version 17
VisualStudioVersion = 17.5.002.0
MinimumVisualStudioVersion = 10.0.40219.1
Project("{9A19103F-16F7-4668-BE54-9A1E7A4F7556}") = "DynamsoftRestfulService", "DynamsoftRestfulService.csproj", "{8151BBD3-68F0-4488-97B7-04DE5A3CE614}"
EndProject
Global
	GlobalSection(SolutionConfigurationPlatforms) = preSolution
		Debug|Any CPU = Debug|Any CPU
		Release|Any CPU = Release|Any CPU
	EndGlobalSection
	GlobalSection(ProjectConfigurationPlatforms) = postSolution
		{8151BBD3-68F0-4488-97B7-04DE5A3CE614}.Debug|Any CPU.ActiveCfg = Debug|Any CPU
		{8151BBD3-68F0-4488-97B7-04DE5A3CE614}.Debug|Any CPU.Build.0 = Debug|Any CPU
		{8151BBD3-68F0-4488-97B7-04DE5A3CE614}.Release|Any CPU.ActiveCfg = Release|Any CPU
		{8151BBD3-68F0-4488-97B7-04DE5A3CE614}.Release|Any CPU.Build.0 = Release|Any CPU
	EndGlobalSection
	GlobalSection(SolutionProperties) = preSolution
		HideSolutionNode = FALSE
	EndGlobalSection
	GlobalSection(ExtensibilityGlobals) = postSolution
		SolutionGuid = {4834F3B5-13BA-4C5C-A73E-BE6D88F98599}
	EndGlobalSection
EndGlobal
